<?xml version="1.0" encoding="utf-8"?>
<Project ToolsVersion="4.0" xmlns="http://schemas.microsoft.com/developer/msbuild/2003">
  <ItemGroup>
    <Filter Include="Resource Files">
      <UniqueIdentifier>{67DA6AB6-F800-4c08-8B7A-83BB121AAD01}</UniqueIdentifier>
      <Extensions>rc;ico;cur;bmp;dlg;rc2;rct;bin;rgs;gif;jpg;jpeg;jpe;resx;tiff;tif;png;wav;mfcribbon-ms</Extensions>
    </Filter>
    <Filter Include="sensorData">
      <UniqueIdentifier>{50fd99dc-5001-4643-abab-04f4c216b8a3}</UniqueIdentifier>
    </Filter>
  </ItemGroup>
  <ItemGroup>
    <ClInclude Include="src\sensorData\stb_image.h">
      <Filter>sensorData</Filter>
    </ClInclude>
    <ClInclude Include="src\sensorData\stb_image_write.h">
      <Filter>sensorData</Filter>
    </ClInclude>
    <ClInclude Include="src\sensorData.h">
      <Filter>sensorData</Filter>
    </ClInclude>
  </ItemGroup>
  <ItemGroup>
    <ClCompile Include="src\main.cpp" />
  </ItemGroup>
</Project>